{
  "nodes": {
    "basic3d-master": {
      "inputs": {
        "flakeNimbleLib": [
          "flakeNimbleLib"
        ],
        "nixpkgs": [
          "nixpkgs"
        ],
        "src-basic3d-master": "src-basic3d-master"
      },
      "locked": {
        "dir": "master",
        "lastModified": 1652796722,
        "narHash": "sha256-Fpw4+F83fmEQ9+jJful3UX9q5r2MCN5mb6v8s7JhtA4=",
        "owner": "nim-nix-pkgs",
        "repo": "basic3d",
        "rev": "8faab85a80d5964c519f448a39870712f8c649ce",
        "type": "github"
      },
      "original": {
        "dir": "master",
        "owner": "nim-nix-pkgs",
        "ref": "master",
        "repo": "basic3d",
        "type": "github"
      }
    },
    "flakeNimbleLib": {
      "inputs": {
        "nixpkgs": [
          "nixpkgs"
        ]
      },
      "locked": {
        "lastModified": 1648105061,
        "narHash": "sha256-Je25qNlH4xrH3+m6vIq6yPvdfQ80FRTwX4JOhrRLduc=",
        "owner": "riinr",
        "repo": "nim-flakes-lib",
        "rev": "f1ec5e2f15b9f717c33b6942ce7cb344ff868522",
        "type": "github"
      },
      "original": {
        "owner": "riinr",
        "ref": "master",
        "repo": "nim-flakes-lib",
        "type": "github"
      }
    },
    "nixpkgs": {
      "locked": {
        "narHash": "sha256-7sWpWRO0IsBP5jm9qCrpuzDkWC7UAghiCmZZ+1uqHKo=",
        "path": "/nix/store/q2jrkx5a3z6yxzbfai0kxpnqki80jm3l-source",
        "type": "path"
      },
      "original": {
        "id": "nixpkgs",
        "type": "indirect"
      }
    },
    "root": {
      "inputs": {
        "basic3d-master": "basic3d-master",
        "flakeNimbleLib": "flakeNimbleLib",
        "nixpkgs": "nixpkgs"
      }
    },
    "src-basic3d-master": {
      "flake": false,
      "locked": {
        "lastModified": 1506870286,
        "narHash": "sha256-NF/3PZLImkaxPQ88QsW7g8sICRaSNEykjTYupYYc3nI=",
        "owner": "nim-lang",
        "repo": "basic3d",
        "rev": "2e0928d11c8ea21b83c51ffe804bc063ffa9660e",
        "type": "github"
      },
      "original": {
        "owner": "nim-lang",
        "ref": "refs/heads/master",
        "repo": "basic3d",
        "type": "github"
      }
    }
  },
  "root": "root",
  "version": 7
}
